{
    "_readme": [
        "This file locks the dependencies of your project to a known state",
        "Read more about it at https://getcomposer.org/doc/01-basic-usage.md#composer-lock-the-lock-file",
        "This file is @generated automatically"
    ],
    "content-hash": "fdc269c405aecccc36b75c0c524c128b",
    "packages": [
        {
            "name": "aligent/feeds",
            "version": "dev-master",
            "source": {
                "type": "git",
                "url": "https://github.com/aligent/Aligent_Feeds.git",
                "reference": "0f45078de31903482affa6be2f2e32eab1df5dd3"
            },
            "dist": {
                "type": "zip",
                "url": "https://api.github.com/repos/aligent/Aligent_Feeds/zipball/0f45078de31903482affa6be2f2e32eab1df5dd3",
                "reference": "0f45078de31903482affa6be2f2e32eab1df5dd3",
                "shasum": ""
            },
            "require": {
                "magento-hackathon/magento-composer-installer": "*"
            },
            "type": "magento-module",
            "license": [
                "OSL-3.0"
            ],
            "description": "Customisable data feeds (e.g. Google Shopping) for Magento. Optimised for large catalogs.",
            "homepage": "https://github.com/aligent/Aligent_Feeds.git",
            "support": {
                "source": "https://github.com/aligent/Aligent_Feeds/tree/master",
                "issues": "https://github.com/aligent/Aligent_Feeds/issues"
            },
            "time": "2017-05-19 01:52:50"
        },
        {
            "name": "eloquent/composer-config-reader",
            "version": "2.0.2",
            "source": {
                "type": "git",
                "url": "https://github.com/eloquent/composer-config-reader.git",
                "reference": "873dfd6d2b38c14bf1bfd0deb0f54ac7e11d1a14"
            },
            "dist": {
                "type": "zip",
                "url": "https://api.github.com/repos/eloquent/composer-config-reader/zipball/873dfd6d2b38c14bf1bfd0deb0f54ac7e11d1a14",
                "reference": "873dfd6d2b38c14bf1bfd0deb0f54ac7e11d1a14",
                "shasum": ""
            },
            "require": {
                "eloquent/enumeration": "^5",
                "justinrainbow/json-schema": "^4",
                "php": ">=5.3"
            },
            "require-dev": {
                "eloquent/liberator": "^2",
                "eloquent/phony": "0.14.4",
                "phpunit/phpunit": "^4"
            },
            "type": "library",
            "autoload": {
                "psr-4": {
                    "Eloquent\\Composer\\Configuration\\": "src"
                }
            },
            "notification-url": "https://packagist.org/downloads/",
            "license": [
                "MIT"
            ],
            "authors": [
                {
                    "name": "Erin Millard",
                    "email": "ezzatron@gmail.com",
                    "homepage": "http://ezzatron.com/"
                }
            ],
            "description": "A light-weight component for reading Composer configuration files.",
            "homepage": "https://github.com/eloquent/composer-config-reader",
            "keywords": [
                "composer",
                "configuration",
                "parser",
                "reader"
            ],
            "time": "2016-12-20T03:37:03+00:00"
        },
        {
            "name": "eloquent/enumeration",
            "version": "5.1.1",
            "source": {
                "type": "git",
                "url": "https://github.com/eloquent/enumeration.git",
                "reference": "0242859435d9b135939816858348556d3cde9e3c"
            },
            "dist": {
                "type": "zip",
                "url": "https://api.github.com/repos/eloquent/enumeration/zipball/0242859435d9b135939816858348556d3cde9e3c",
                "reference": "0242859435d9b135939816858348556d3cde9e3c",
                "shasum": ""
            },
            "require": {
                "php": ">=5.3"
            },
            "require-dev": {
                "icecave/archer": "dev-develop",
                "phpunit/phpunit": "^4",
                "sami/sami": "^3"
            },
            "type": "library",
            "autoload": {
                "psr-4": {
                    "Eloquent\\Enumeration\\": "src"
                }
            },
            "notification-url": "https://packagist.org/downloads/",
            "license": [
                "MIT"
            ],
            "authors": [
                {
                    "name": "Erin Millard",
                    "email": "ezzatron@gmail.com",
                    "homepage": "http://ezzatron.com/"
                }
            ],
            "description": "An enumeration implementation for PHP.",
            "homepage": "https://github.com/eloquent/enumeration",
            "keywords": [
                "class",
                "enum",
                "enumeration",
                "multiton",
                "set",
                "type"
            ],
            "time": "2015-11-03T22:21:38+00:00"
        },
        {
            "name": "justinrainbow/json-schema",
            "version": "4.1.0",
            "source": {
                "type": "git",
                "url": "https://github.com/justinrainbow/json-schema.git",
                "reference": "d39c56a46b3ebe1f3696479966cd2b9f50aaa24f"
            },
            "dist": {
                "type": "zip",
                "url": "https://api.github.com/repos/justinrainbow/json-schema/zipball/d39c56a46b3ebe1f3696479966cd2b9f50aaa24f",
                "reference": "d39c56a46b3ebe1f3696479966cd2b9f50aaa24f",
                "shasum": ""
            },
            "require": {
                "php": ">=5.3.3"
            },
            "require-dev": {
                "json-schema/json-schema-test-suite": "1.2.0",
                "phpdocumentor/phpdocumentor": "~2",
                "phpunit/phpunit": "^4.8.22"
            },
            "bin": [
                "bin/validate-json"
            ],
            "type": "library",
            "extra": {
                "branch-alias": {
                    "dev-master": "4.0.x-dev"
                }
            },
            "autoload": {
                "psr-4": {
                    "JsonSchema\\": "src/JsonSchema/"
                }
            },
            "notification-url": "https://packagist.org/downloads/",
            "license": [
                "MIT"
            ],
            "authors": [
                {
                    "name": "Bruno Prieto Reis",
                    "email": "bruno.p.reis@gmail.com"
                },
                {
                    "name": "Justin Rainbow",
                    "email": "justin.rainbow@gmail.com"
                },
                {
                    "name": "Igor Wiedler",
                    "email": "igor@wiedler.ch"
                },
                {
                    "name": "Robert Schönthal",
                    "email": "seroscho@googlemail.com"
                }
            ],
            "description": "A library to validate a json schema.",
            "homepage": "https://github.com/justinrainbow/json-schema",
            "keywords": [
                "json",
                "schema"
            ],
            "time": "2016-12-22T16:43:46+00:00"
        },
        {
            "name": "magento-hackathon/magento-composer-installer",
            "version": "3.0.x-dev",
            "source": {
                "type": "git",
                "url": "https://github.com/Cotya/magento-composer-installer.git",
                "reference": "49257eef08a37ebc5e1e9ffaab438d00a14a578f"
            },
            "dist": {
                "type": "zip",
                "url": "https://api.github.com/repos/Cotya/magento-composer-installer/zipball/49257eef08a37ebc5e1e9ffaab438d00a14a578f",
                "reference": "49257eef08a37ebc5e1e9ffaab438d00a14a578f",
                "shasum": ""
            },
            "archive": {
                "exclude": [
                    "vendor",
                    "/tests/FullStackTest/"
                ]
            },
            "require": {
                "composer-plugin-api": "^1.0",
                "eloquent/composer-config-reader": "2.*",
                "php": ">=5.5",
                "symfony/console": "^2.5|^3.0"
            },
            "require-dev": {
                "composer/composer": "1.0.*",
                "cotya/composer-test-framework": "dev-master",
                "mikey179/vfsstream": "~1.4",
                "phpunit/phpunit": "~4.3",
                "phpunit/phpunit-mock-objects": "~2.3",
                "squizlabs/php_codesniffer": "~2.1",
                "symfony/process": "~2.5"
            },
            "suggest": {
                "colinmollenhour/modman": "*",
                "theseer/autoload": "~1.14"
            },
            "bin": [
                "bin/magento-composer-installer.php"
            ],
            "type": "composer-plugin",
            "extra": {
                "class": "MagentoHackathon\\Composer\\Magento\\Plugin"
            },
            "autoload": {
                "psr-0": {
                    "MagentoHackathon\\Composer": "src/"
                }
            },
            "autoload-dev": {
                "psr-0": {
                    "MagentoHackathon\\Composer\\Magento": "tests/"
                }
            },
            "license": [
                "OSL-3.0"
            ],
            "authors": [
                {
                    "name": "Daniel Fahlke aka Flyingmana",
                    "email": "flyingmana@googlemail.com"
                },
                {
                    "name": "Jörg Weller",
                    "email": "weller@flagbit.de"
                },
                {
                    "name": "Karl Spies",
                    "email": "karl.spies@gmx.net"
                },
                {
                    "name": "Tobias Vogt",
                    "email": "tobi@webguys.de"
                },
                {
                    "name": "David Fuhr",
                    "email": "fuhr@flagbit.de"
                },
                {
                    "name": "Vinai Kopp",
                    "email": "vinai@netzarbeiter.com"
                }
            ],
            "description": "Composer installer for Magento modules",
            "homepage": "https://github.com/magento-hackathon/magento-composer-installer",
            "keywords": [
                "composer-installer",
                "magento"
            ],
            "support": {
                "source": "https://github.com/Cotya/magento-composer-installer/tree/master",
                "issues": "https://github.com/Cotya/magento-composer-installer/issues"
            },
            "time": "2017-02-23 13:23:06"
        },
        {
            "name": "marko-m/inchoo_socialconnect",
            "version": "dev-master",
            "source": {
                "type": "git",
                "url": "https://github.com/Marko-M/Inchoo_SocialConnect.git",
                "reference": "3f454c028d153313a3120bcc7f4eb056ca88a108"
            },
            "dist": {
                "type": "zip",
                "url": "https://api.github.com/repos/Marko-M/Inchoo_SocialConnect/zipball/3f454c028d153313a3120bcc7f4eb056ca88a108",
                "reference": "3f454c028d153313a3120bcc7f4eb056ca88a108",
                "shasum": ""
            },
            "require": {
                "magento-hackathon/magento-composer-installer": "*"
            },
            "type": "magento-module",
            "license": [
                "OSL-3.0"
            ],
            "authors": [
                {
                    "name": "Marko Martinović",
                    "email": "marko@techytalk.info"
                }
            ],
            "description": "Magento extension allowing your customers to login or create an account at your store using their Google, Facebook, Twitter or LinkedIn.",
            "homepage": "http://www.techytalk.info/magento/socialconnect/",
            "support": {
                "source": "https://github.com/Marko-M/Inchoo_SocialConnect/tree/0.3.8",
                "issues": "https://github.com/Marko-M/Inchoo_SocialConnect/issues"
            },
            "time": "2016-07-13 13:44:57"
        },
        {
            "name": "psr/log",
            "version": "dev-master",
            "source": {
                "type": "git",
                "url": "https://github.com/php-fig/log.git",
                "reference": "4ebe3a8bf773a19edfe0a84b6585ba3d401b724d"
            },
            "dist": {
                "type": "zip",
                "url": "https://api.github.com/repos/php-fig/log/zipball/4ebe3a8bf773a19edfe0a84b6585ba3d401b724d",
                "reference": "4ebe3a8bf773a19edfe0a84b6585ba3d401b724d",
                "shasum": ""
            },
            "require": {
                "php": ">=5.3.0"
            },
            "type": "library",
            "extra": {
                "branch-alias": {
                    "dev-master": "1.0.x-dev"
                }
            },
            "autoload": {
                "psr-4": {
                    "Psr\\Log\\": "Psr/Log/"
                }
            },
            "notification-url": "https://packagist.org/downloads/",
            "license": [
                "MIT"
            ],
            "authors": [
                {
                    "name": "PHP-FIG",
                    "homepage": "http://www.php-fig.org/"
                }
            ],
            "description": "Common interface for logging libraries",
            "homepage": "https://github.com/php-fig/log",
            "keywords": [
                "log",
                "psr",
                "psr-3"
            ],
            "time": "2016-10-10 12:19:37"
        },
        {
            "name": "symfony/console",
            "version": "3.4.x-dev",
            "source": {
                "type": "git",
                "url": "https://github.com/symfony/console.git",
                "reference": "4dd3bd4bd9600351ed88c1c9b61cc6416d11e421"
            },
            "dist": {
                "type": "zip",
                "url": "https://api.github.com/repos/symfony/console/zipball/4dd3bd4bd9600351ed88c1c9b61cc6416d11e421",
                "reference": "4dd3bd4bd9600351ed88c1c9b61cc6416d11e421",
                "shasum": ""
            },
            "require": {
                "php": ">=5.5.9",
                "symfony/debug": "~2.8|~3.0|~4.0.0",
                "symfony/polyfill-mbstring": "~1.0"
            },
            "conflict": {
                "symfony/dependency-injection": "<3.3"
            },
            "require-dev": {
                "psr/log": "~1.0",
                "symfony/dependency-injection": "~3.3|~4.0.0",
                "symfony/event-dispatcher": "~2.8|~3.0|~4.0.0",
                "symfony/filesystem": "~2.8|~3.0|~4.0.0",
                "symfony/http-kernel": "~2.8|~3.0|~4.0.0",
                "symfony/process": "~2.8|~3.0|~4.0.0"
            },
            "suggest": {
                "psr/log": "For using the console logger",
                "symfony/event-dispatcher": "",
                "symfony/filesystem": "",
                "symfony/process": ""
            },
            "type": "library",
            "extra": {
                "branch-alias": {
                    "dev-master": "3.4-dev"
                }
            },
            "autoload": {
                "psr-4": {
                    "Symfony\\Component\\Console\\": ""
                },
                "exclude-from-classmap": [
                    "/Tests/"
                ]
            },
            "notification-url": "https://packagist.org/downloads/",
            "license": [
                "MIT"
            ],
            "authors": [
                {
                    "name": "Fabien Potencier",
                    "email": "fabien@symfony.com"
                },
                {
                    "name": "Symfony Community",
                    "homepage": "https://symfony.com/contributors"
                }
            ],
            "description": "Symfony Console Component",
            "homepage": "https://symfony.com",
            "time": "2017-05-18 12:56:12"
        },
        {
            "name": "symfony/debug",
            "version": "3.4.x-dev",
            "source": {
                "type": "git",
                "url": "https://github.com/symfony/debug.git",
                "reference": "91dc1c81293808405273eedb3e187986407b6ca0"
            },
            "dist": {
                "type": "zip",
                "url": "https://api.github.com/repos/symfony/debug/zipball/91dc1c81293808405273eedb3e187986407b6ca0",
                "reference": "91dc1c81293808405273eedb3e187986407b6ca0",
                "shasum": ""
            },
            "require": {
                "php": ">=5.5.9",
                "psr/log": "~1.0"
            },
            "conflict": {
                "symfony/http-kernel": ">=2.3,<2.3.24|~2.4.0|>=2.5,<2.5.9|>=2.6,<2.6.2"
            },
            "require-dev": {
                "symfony/http-kernel": "~2.8|~3.0|~4.0.0"
            },
            "type": "library",
            "extra": {
                "branch-alias": {
                    "dev-master": "3.4-dev"
                }
            },
            "autoload": {
                "psr-4": {
                    "Symfony\\Component\\Debug\\": ""
                },
                "exclude-from-classmap": [
                    "/Tests/"
                ]
            },
            "notification-url": "https://packagist.org/downloads/",
            "license": [
                "MIT"
            ],
            "authors": [
                {
                    "name": "Fabien Potencier",
                    "email": "fabien@symfony.com"
                },
                {
                    "name": "Symfony Community",
                    "homepage": "https://symfony.com/contributors"
                }
            ],
            "description": "Symfony Debug Component",
            "homepage": "https://symfony.com",
            "time": "2017-05-18 12:56:12"
        },
        {
            "name": "symfony/polyfill-mbstring",
            "version": "dev-master",
            "source": {
                "type": "git",
                "url": "https://github.com/symfony/polyfill-mbstring.git",
                "reference": "e79d363049d1c2128f133a2667e4f4190904f7f4"
            },
            "dist": {
                "type": "zip",
                "url": "https://api.github.com/repos/symfony/polyfill-mbstring/zipball/e79d363049d1c2128f133a2667e4f4190904f7f4",
                "reference": "e79d363049d1c2128f133a2667e4f4190904f7f4",
                "shasum": ""
            },
            "require": {
                "php": ">=5.3.3"
            },
            "suggest": {
                "ext-mbstring": "For best performance"
            },
            "type": "library",
            "extra": {
                "branch-alias": {
                    "dev-master": "1.3-dev"
                }
            },
            "autoload": {
                "psr-4": {
                    "Symfony\\Polyfill\\Mbstring\\": ""
                },
                "files": [
                    "bootstrap.php"
                ]
            },
            "notification-url": "https://packagist.org/downloads/",
            "license": [
                "MIT"
            ],
            "authors": [
                {
                    "name": "Nicolas Grekas",
                    "email": "p@tchwork.com"
                },
                {
                    "name": "Symfony Community",
                    "homepage": "https://symfony.com/contributors"
                }
            ],
            "description": "Symfony polyfill for the Mbstring extension",
            "homepage": "https://symfony.com",
            "keywords": [
                "compatibility",
                "mbstring",
                "polyfill",
                "portable",
                "shim"
            ],
            "time": "2016-11-14 01:06:16"
        }
    ],
    "packages-dev": [],
    "aliases": [],
    "minimum-stability": "dev",
    "stability-flags": [],
    "prefer-stable": false,
    "prefer-lowest": false,
    "platform": [],
    "platform-dev": []
}
